
Microsoft Visual Studio Solution File, Format Version 12.00
# Visual Studio Version 18
VisualStudioVersion = 18.0.11018.127
MinimumVisualStudioVersion = 10.0.40219.1
Project("{FAE04EC0-301F-11D3-BF4B-00C04F79EFBC}") = "APPLibrary", "APPLibrary\APPLibrary.csproj", "{A34AA259-4277-41C9-8E21-700972DE46A6}"
EndProject
Global
	GlobalSection(SolutionConfigurationPlatforms) = preSolution
		Debug|Any CPU = Debug|Any CPU
		Release|Any CPU = Release|Any CPU
	EndGlobalSection
	GlobalSection(ProjectConfigurationPlatforms) = postSolution
		{A34AA259-4277-41C9-8E21-700972DE46A6}.Debug|Any CPU.ActiveCfg = Debug|Any CPU
		{A34AA259-4277-41C9-8E21-700972DE46A6}.Debug|Any CPU.Build.0 = Debug|Any CPU
		{A34AA259-4277-41C9-8E21-700972DE46A6}.Release|Any CPU.ActiveCfg = Release|Any CPU
		{A34AA259-4277-41C9-8E21-700972DE46A6}.Release|Any CPU.Build.0 = Release|Any CPU
	EndGlobalSection
	GlobalSection(SolutionProperties) = preSolution
		HideSolutionNode = FALSE
	EndGlobalSection
	GlobalSection(ExtensibilityGlobals) = postSolution
		SolutionGuid = {DCFE261C-4F4C-4BC1-8EEF-64554F936169}
	EndGlobalSection
EndGlobal
